
Microsoft Visual Studio Solution File, Format Version 12.00
# Visual Studio 15
VisualStudioVersion = 15.0.28307.779
MinimumVisualStudioVersion = 10.0.40219.1
Project("{FAE04EC0-301F-11D3-BF4B-00C04F79EFBC}") = "BankInterest", "BankInterest\BankInterest.csproj", "{84B8E7FC-C648-423A-B94F-CE654887FAE5}"
EndProject
Project("{FAE04EC0-301F-11D3-BF4B-00C04F79EFBC}") = "BankInterestTest", "BankInterestTest\BankInterestTest.csproj", "{B1355C7D-1159-4CC9-ACC7-34234D724FAA}"
EndProject
Project("{FAE04EC0-301F-11D3-BF4B-00C04F79EFBC}") = "BankInterestMVC", "BankInterestMVC\BankInterestMVC.csproj", "{DF052A8A-3E34-4346-835A-2757AC2CB7FC}"
EndProject
Global
	GlobalSection(SolutionConfigurationPlatforms) = preSolution
		Debug|Any CPU = Debug|Any CPU
		Release|Any CPU = Release|Any CPU
	EndGlobalSection
	GlobalSection(ProjectConfigurationPlatforms) = postSolution
		{84B8E7FC-C648-423A-B94F-CE654887FAE5}.Debug|Any CPU.ActiveCfg = Debug|Any CPU
		{84B8E7FC-C648-423A-B94F-CE654887FAE5}.Debug|Any CPU.Build.0 = Debug|Any CPU
		{84B8E7FC-C648-423A-B94F-CE654887FAE5}.Release|Any CPU.ActiveCfg = Release|Any CPU
		{84B8E7FC-C648-423A-B94F-CE654887FAE5}.Release|Any CPU.Build.0 = Release|Any CPU
		{B1355C7D-1159-4CC9-ACC7-34234D724FAA}.Debug|Any CPU.ActiveCfg = Debug|Any CPU
		{B1355C7D-1159-4CC9-ACC7-34234D724FAA}.Debug|Any CPU.Build.0 = Debug|Any CPU
		{B1355C7D-1159-4CC9-ACC7-34234D724FAA}.Release|Any CPU.ActiveCfg = Release|Any CPU
		{B1355C7D-1159-4CC9-ACC7-34234D724FAA}.Release|Any CPU.Build.0 = Release|Any CPU
		{DF052A8A-3E34-4346-835A-2757AC2CB7FC}.Debug|Any CPU.ActiveCfg = Debug|Any CPU
		{DF052A8A-3E34-4346-835A-2757AC2CB7FC}.Debug|Any CPU.Build.0 = Debug|Any CPU
		{DF052A8A-3E34-4346-835A-2757AC2CB7FC}.Release|Any CPU.ActiveCfg = Release|Any CPU
		{DF052A8A-3E34-4346-835A-2757AC2CB7FC}.Release|Any CPU.Build.0 = Release|Any CPU
	EndGlobalSection
	GlobalSection(SolutionProperties) = preSolution
		HideSolutionNode = FALSE
	EndGlobalSection
	GlobalSection(ExtensibilityGlobals) = postSolution
		SolutionGuid = {75977887-E29F-4978-B5BC-70E6EA47C1C6}
	EndGlobalSection
EndGlobal
